// !$*UTF8*$!
{
	archiveVersion = 1;
	classes = {
	};
	objectVersion = 46;
	objects = {

/* Begin PBXBuildFile section */
		794E6B241D6393DD00F877CC /* RomOvRoomListViewController.swift in Sources */ = {isa = PBXBuildFile; fileRef = 794E6B231D6393DD00F877CC /* RomOvRoomListViewController.swift */; };
		795800CE1D5A308C0001E06A /* AppDelegate.swift in Sources */ = {isa = PBXBuildFile; fileRef = 795800CD1D5A308C0001E06A /* AppDelegate.swift */; };
		795800D01D5A308C0001E06A /* RomOvViewController.swift in Sources */ = {isa = PBXBuildFile; fileRef = 795800CF1D5A308C0001E06A /* RomOvViewController.swift */; };
		795800D51D5A308C0001E06A /* Main.storyboard in Resources */ = {isa = PBXBuildFile; fileRef = 795800D31D5A308C0001E06A /* Main.storyboard */; };
		795800D71D5A308C0001E06A /* Assets.xcassets in Resources */ = {isa = PBXBuildFile; fileRef = 795800D61D5A308C0001E06A /* Assets.xcassets */; };
		795800DA1D5A308C0001E06A /* LaunchScreen.storyboard in Resources */ = {isa = PBXBuildFile; fileRef = 795800D81D5A308C0001E06A /* LaunchScreen.storyboard */; };
		795800FE1D5A3DFF0001E06A /* ResOvViewController.swift in Sources */ = {isa = PBXBuildFile; fileRef = 795800FD1D5A3DFF0001E06A /* ResOvViewController.swift */; };
		79866A511D60D4E0002787F5 /* Infrastructure.swift in Sources */ = {isa = PBXBuildFile; fileRef = 79866A501D60D4E0002787F5 /* Infrastructure.swift */; };
		79866A531D60D700002787F5 /* Reservation.swift in Sources */ = {isa = PBXBuildFile; fileRef = 79866A521D60D700002787F5 /* Reservation.swift */; };
		79866A561D60D9F7002787F5 /* User.swift in Sources */ = {isa = PBXBuildFile; fileRef = 79866A551D60D9F7002787F5 /* User.swift */; };
		79866A591D60DAA7002787F5 /* Wish.swift in Sources */ = {isa = PBXBuildFile; fileRef = 79866A581D60DAA7002787F5 /* Wish.swift */; };
		79F68E0F1D5E56E00067BDA8 /* Room.swift in Sources */ = {isa = PBXBuildFile; fileRef = 79F68E0E1D5E56E00067BDA8 /* Room.swift */; };
		79F68E131D5E5D460067BDA8 /* Address.swift in Sources */ = {isa = PBXBuildFile; fileRef = 79F68E121D5E5D460067BDA8 /* Address.swift */; };
		79F68E151D5E5E7D0067BDA8 /* Building.swift in Sources */ = {isa = PBXBuildFile; fileRef = 79F68E141D5E5E7D0067BDA8 /* Building.swift */; };
		A980E104BFD5CD895467A625 /* Pods_ReserverYourRoom.framework in Frameworks */ = {isa = PBXBuildFile; fileRef = FE5BF882845C5C4BBA9981DD /* Pods_ReserverYourRoom.framework */; };
		F080AF2A1D915B8200B73971 /* RoomService.swift in Sources */ = {isa = PBXBuildFile; fileRef = F080AF291D915B8200B73971 /* RoomService.swift */; };
		F09644551D999D000024F00A /* UserService.swift in Sources */ = {isa = PBXBuildFile; fileRef = F09644541D999D000024F00A /* UserService.swift */; };
		F09644571D999D460024F00A /* BuildingService.swift in Sources */ = {isa = PBXBuildFile; fileRef = F09644561D999D460024F00A /* BuildingService.swift */; };
		F09644591D999D510024F00A /* AddressService.swift in Sources */ = {isa = PBXBuildFile; fileRef = F09644581D999D510024F00A /* AddressService.swift */; };
		F096445B1D999D620024F00A /* InfrastructureService.swift in Sources */ = {isa = PBXBuildFile; fileRef = F096445A1D999D620024F00A /* InfrastructureService.swift */; };
		F096445D1D999D740024F00A /* ReservationService.swift in Sources */ = {isa = PBXBuildFile; fileRef = F096445C1D999D740024F00A /* ReservationService.swift */; };
		F096445F1D999D860024F00A /* WishService.swift in Sources */ = {isa = PBXBuildFile; fileRef = F096445E1D999D860024F00A /* WishService.swift */; };
		F09644611D99AC8A0024F00A /* TableViewCell.swift in Sources */ = {isa = PBXBuildFile; fileRef = F09644601D99AC8A0024F00A /* TableViewCell.swift */; };
		F09644631D99B0EF0024F00A /* ReservationViewCell.swift in Sources */ = {isa = PBXBuildFile; fileRef = F09644621D99B0EF0024F00A /* ReservationViewCell.swift */; };
		F09BD65F1D87EEFB005E10EE /* RestConnectionManager.swift in Sources */ = {isa = PBXBuildFile; fileRef = F09BD65E1D87EEFB005E10EE /* RestConnectionManager.swift */; };
/* End PBXBuildFile section */

/* Begin PBXFileReference section */
		161C2B8235D7276E4516DB42 /* Pods-ReserverYourRoomTests.release.xcconfig */ = {isa = PBXFileReference; includeInIndex = 1; lastKnownFileType = text.xcconfig; name = "Pods-ReserverYourRoomTests.release.xcconfig"; path = "Pods/Target Support Files/Pods-ReserverYourRoomTests/Pods-ReserverYourRoomTests.release.xcconfig"; sourceTree = "<group>"; };
		1FD9495EFC9BE27C1DBBDD99 /* Pods-ReserverYourRoomUITests.debug.xcconfig */ = {isa = PBXFileReference; includeInIndex = 1; lastKnownFileType = text.xcconfig; name = "Pods-ReserverYourRoomUITests.debug.xcconfig"; path = "Pods/Target Support Files/Pods-ReserverYourRoomUITests/Pods-ReserverYourRoomUITests.debug.xcconfig"; sourceTree = "<group>"; };
		24CE7D5D62CA25645FF5C8CC /* Pods-ReserverYourRoomUITests.release.xcconfig */ = {isa = PBXFileReference; includeInIndex = 1; lastKnownFileType = text.xcconfig; name = "Pods-ReserverYourRoomUITests.release.xcconfig"; path = "Pods/Target Support Files/Pods-ReserverYourRoomUITests/Pods-ReserverYourRoomUITests.release.xcconfig"; sourceTree = "<group>"; };
		3278A4C56F2AAB28882BA18C /* Pods-ReserverYourRoomTests.debug.xcconfig */ = {isa = PBXFileReference; includeInIndex = 1; lastKnownFileType = text.xcconfig; name = "Pods-ReserverYourRoomTests.debug.xcconfig"; path = "Pods/Target Support Files/Pods-ReserverYourRoomTests/Pods-ReserverYourRoomTests.debug.xcconfig"; sourceTree = "<group>"; };
		4EFCDAEFBC6284C732984460 /* Pods-ReserverYourRoom.debug.xcconfig */ = {isa = PBXFileReference; includeInIndex = 1; lastKnownFileType = text.xcconfig; name = "Pods-ReserverYourRoom.debug.xcconfig"; path = "Pods/Target Support Files/Pods-ReserverYourRoom/Pods-ReserverYourRoom.debug.xcconfig"; sourceTree = "<group>"; };
		734F11E291F986860C22642F /* Pods_ReserverYourRoomTests.framework */ = {isa = PBXFileReference; explicitFileType = wrapper.framework; includeInIndex = 0; path = Pods_ReserverYourRoomTests.framework; sourceTree = BUILT_PRODUCTS_DIR; };
		794E6B231D6393DD00F877CC /* RomOvRoomListViewController.swift */ = {isa = PBXFileReference; fileEncoding = 4; lastKnownFileType = sourcecode.swift; path = RomOvRoomListViewController.swift; sourceTree = "<group>"; };
		795800CA1D5A308C0001E06A /* ReserverYourRoom.app */ = {isa = PBXFileReference; explicitFileType = wrapper.application; includeInIndex = 0; path = ReserverYourRoom.app; sourceTree = BUILT_PRODUCTS_DIR; };
		795800CD1D5A308C0001E06A /* AppDelegate.swift */ = {isa = PBXFileReference; lastKnownFileType = sourcecode.swift; path = AppDelegate.swift; sourceTree = "<group>"; };
		795800CF1D5A308C0001E06A /* RomOvViewController.swift */ = {isa = PBXFileReference; lastKnownFileType = sourcecode.swift; path = RomOvViewController.swift; sourceTree = "<group>"; };
		795800D41D5A308C0001E06A /* Base */ = {isa = PBXFileReference; lastKnownFileType = file.storyboard; name = Base; path = Base.lproj/Main.storyboard; sourceTree = "<group>"; };
		795800D61D5A308C0001E06A /* Assets.xcassets */ = {isa = PBXFileReference; lastKnownFileType = folder.assetcatalog; path = Assets.xcassets; sourceTree = "<group>"; };
		795800D91D5A308C0001E06A /* Base */ = {isa = PBXFileReference; lastKnownFileType = file.storyboard; name = Base; path = Base.lproj/LaunchScreen.storyboard; sourceTree = "<group>"; };
		795800DB1D5A308C0001E06A /* Info.plist */ = {isa = PBXFileReference; lastKnownFileType = text.plist.xml; path = Info.plist; sourceTree = "<group>"; };
		795800FD1D5A3DFF0001E06A /* ResOvViewController.swift */ = {isa = PBXFileReference; fileEncoding = 4; lastKnownFileType = sourcecode.swift; path = ResOvViewController.swift; sourceTree = "<group>"; };
		79866A501D60D4E0002787F5 /* Infrastructure.swift */ = {isa = PBXFileReference; fileEncoding = 4; lastKnownFileType = sourcecode.swift; path = Infrastructure.swift; sourceTree = "<group>"; };
		79866A521D60D700002787F5 /* Reservation.swift */ = {isa = PBXFileReference; fileEncoding = 4; lastKnownFileType = sourcecode.swift; path = Reservation.swift; sourceTree = "<group>"; };
		79866A551D60D9F7002787F5 /* User.swift */ = {isa = PBXFileReference; fileEncoding = 4; lastKnownFileType = sourcecode.swift; path = User.swift; sourceTree = "<group>"; };
		79866A581D60DAA7002787F5 /* Wish.swift */ = {isa = PBXFileReference; fileEncoding = 4; lastKnownFileType = sourcecode.swift; path = Wish.swift; sourceTree = "<group>"; };
		79F68E0E1D5E56E00067BDA8 /* Room.swift */ = {isa = PBXFileReference; fileEncoding = 4; lastKnownFileType = sourcecode.swift; path = Room.swift; sourceTree = "<group>"; };
		79F68E121D5E5D460067BDA8 /* Address.swift */ = {isa = PBXFileReference; fileEncoding = 4; lastKnownFileType = sourcecode.swift; path = Address.swift; sourceTree = "<group>"; };
		79F68E141D5E5E7D0067BDA8 /* Building.swift */ = {isa = PBXFileReference; fileEncoding = 4; lastKnownFileType = sourcecode.swift; path = Building.swift; sourceTree = "<group>"; };
		7C23B934C45FD4CB3B46EEC2 /* Pods-ReserverYourRoom.release.xcconfig */ = {isa = PBXFileReference; includeInIndex = 1; lastKnownFileType = text.xcconfig; name = "Pods-ReserverYourRoom.release.xcconfig"; path = "Pods/Target Support Files/Pods-ReserverYourRoom/Pods-ReserverYourRoom.release.xcconfig"; sourceTree = "<group>"; };
		A24BBCC99B3C582F4841670C /* Pods_ReserverYourRoomUITests.framework */ = {isa = PBXFileReference; explicitFileType = wrapper.framework; includeInIndex = 0; path = Pods_ReserverYourRoomUITests.framework; sourceTree = BUILT_PRODUCTS_DIR; };
		F080AF291D915B8200B73971 /* RoomService.swift */ = {isa = PBXFileReference; fileEncoding = 4; lastKnownFileType = sourcecode.swift; path = RoomService.swift; sourceTree = "<group>"; };
		F09644541D999D000024F00A /* UserService.swift */ = {isa = PBXFileReference; fileEncoding = 4; lastKnownFileType = sourcecode.swift; path = UserService.swift; sourceTree = "<group>"; };
		F09644561D999D460024F00A /* BuildingService.swift */ = {isa = PBXFileReference; fileEncoding = 4; lastKnownFileType = sourcecode.swift; path = BuildingService.swift; sourceTree = "<group>"; };
		F09644581D999D510024F00A /* AddressService.swift */ = {isa = PBXFileReference; fileEncoding = 4; lastKnownFileType = sourcecode.swift; path = AddressService.swift; sourceTree = "<group>"; };
		F096445A1D999D620024F00A /* InfrastructureService.swift */ = {isa = PBXFileReference; fileEncoding = 4; lastKnownFileType = sourcecode.swift; path = InfrastructureService.swift; sourceTree = "<group>"; };
		F096445C1D999D740024F00A /* ReservationService.swift */ = {isa = PBXFileReference; fileEncoding = 4; lastKnownFileType = sourcecode.swift; path = ReservationService.swift; sourceTree = "<group>"; };
		F096445E1D999D860024F00A /* WishService.swift */ = {isa = PBXFileReference; fileEncoding = 4; lastKnownFileType = sourcecode.swift; path = WishService.swift; sourceTree = "<group>"; };
		F09644601D99AC8A0024F00A /* TableViewCell.swift */ = {isa = PBXFileReference; fileEncoding = 4; lastKnownFileType = sourcecode.swift; path = TableViewCell.swift; sourceTree = "<group>"; };
		F09644621D99B0EF0024F00A /* ReservationViewCell.swift */ = {isa = PBXFileReference; fileEncoding = 4; lastKnownFileType = sourcecode.swift; path = ReservationViewCell.swift; sourceTree = "<group>"; };
		F09BD65E1D87EEFB005E10EE /* RestConnectionManager.swift */ = {isa = PBXFileReference; fileEncoding = 4; lastKnownFileType = sourcecode.swift; path = RestConnectionManager.swift; sourceTree = "<group>"; };
		FE5BF882845C5C4BBA9981DD /* Pods_ReserverYourRoom.framework */ = {isa = PBXFileReference; explicitFileType = wrapper.framework; includeInIndex = 0; path = Pods_ReserverYourRoom.framework; sourceTree = BUILT_PRODUCTS_DIR; };
/* End PBXFileReference section */

/* Begin PBXFrameworksBuildPhase section */
		795800C71D5A308C0001E06A /* Frameworks */ = {
			isa = PBXFrameworksBuildPhase;
			buildActionMask = 2147483647;
			files = (
				A980E104BFD5CD895467A625 /* Pods_ReserverYourRoom.framework in Frameworks */,
			);
			runOnlyForDeploymentPostprocessing = 0;
		};
/* End PBXFrameworksBuildPhase section */

/* Begin PBXGroup section */
		794E6B271D63940C00F877CC /* RoomOverview */ = {
			isa = PBXGroup;
			children = (
				795800CF1D5A308C0001E06A /* RomOvViewController.swift */,
				794E6B231D6393DD00F877CC /* RomOvRoomListViewController.swift */,
				F09644601D99AC8A0024F00A /* TableViewCell.swift */,
			);
			name = RoomOverview;
			sourceTree = "<group>";
		};
		794E6B281D6394CF00F877CC /* Views */ = {
			isa = PBXGroup;
			children = (
				794E6B291D63951900F877CC /* ReservationOverview */,
				794E6B271D63940C00F877CC /* RoomOverview */,
			);
			name = Views;
			sourceTree = "<group>";
		};
		794E6B291D63951900F877CC /* ReservationOverview */ = {
			isa = PBXGroup;
			children = (
				795800FD1D5A3DFF0001E06A /* ResOvViewController.swift */,
				F09644621D99B0EF0024F00A /* ReservationViewCell.swift */,
			);
			name = ReservationOverview;
			sourceTree = "<group>";
		};
		795800C11D5A308C0001E06A = {
			isa = PBXGroup;
			children = (
				795800CC1D5A308C0001E06A /* ReserverYourRoom */,
				795800CB1D5A308C0001E06A /* Products */,
				CFE1EBBC63BCD726BDF15FC1 /* Pods */,
				82E013C302C6DEE45FEA9564 /* Frameworks */,
			);
			sourceTree = "<group>";
		};
		795800CB1D5A308C0001E06A /* Products */ = {
			isa = PBXGroup;
			children = (
				795800CA1D5A308C0001E06A /* ReserverYourRoom.app */,
			);
			name = Products;
			sourceTree = "<group>";
		};
		795800CC1D5A308C0001E06A /* ReserverYourRoom */ = {
			isa = PBXGroup;
			children = (
				F09BD65D1D87EEE8005E10EE /* RESTClient */,
				794E6B281D6394CF00F877CC /* Views */,
				79F68E0D1D5E56620067BDA8 /* DataModel */,
				795800CD1D5A308C0001E06A /* AppDelegate.swift */,
				795800D31D5A308C0001E06A /* Main.storyboard */,
				795800D61D5A308C0001E06A /* Assets.xcassets */,
				795800D81D5A308C0001E06A /* LaunchScreen.storyboard */,
				795800DB1D5A308C0001E06A /* Info.plist */,
			);
			path = ReserverYourRoom;
			sourceTree = "<group>";
		};
		79F68E0D1D5E56620067BDA8 /* DataModel */ = {
			isa = PBXGroup;
			children = (
				79F68E0E1D5E56E00067BDA8 /* Room.swift */,
				79F68E121D5E5D460067BDA8 /* Address.swift */,
				79F68E141D5E5E7D0067BDA8 /* Building.swift */,
				79866A501D60D4E0002787F5 /* Infrastructure.swift */,
				79866A521D60D700002787F5 /* Reservation.swift */,
				79866A551D60D9F7002787F5 /* User.swift */,
				79866A581D60DAA7002787F5 /* Wish.swift */,
			);
			name = DataModel;
			sourceTree = "<group>";
		};
		82E013C302C6DEE45FEA9564 /* Frameworks */ = {
			isa = PBXGroup;
			children = (
				FE5BF882845C5C4BBA9981DD /* Pods_ReserverYourRoom.framework */,
				734F11E291F986860C22642F /* Pods_ReserverYourRoomTests.framework */,
				A24BBCC99B3C582F4841670C /* Pods_ReserverYourRoomUITests.framework */,
			);
			name = Frameworks;
			sourceTree = "<group>";
		};
		CFE1EBBC63BCD726BDF15FC1 /* Pods */ = {
			isa = PBXGroup;
			children = (
				4EFCDAEFBC6284C732984460 /* Pods-ReserverYourRoom.debug.xcconfig */,
				7C23B934C45FD4CB3B46EEC2 /* Pods-ReserverYourRoom.release.xcconfig */,
				3278A4C56F2AAB28882BA18C /* Pods-ReserverYourRoomTests.debug.xcconfig */,
				161C2B8235D7276E4516DB42 /* Pods-ReserverYourRoomTests.release.xcconfig */,
				1FD9495EFC9BE27C1DBBDD99 /* Pods-ReserverYourRoomUITests.debug.xcconfig */,
				24CE7D5D62CA25645FF5C8CC /* Pods-ReserverYourRoomUITests.release.xcconfig */,
			);
			name = Pods;
			sourceTree = "<group>";
		};
		F09BD65D1D87EEE8005E10EE /* RESTClient */ = {
			isa = PBXGroup;
			children = (
				F09BD65E1D87EEFB005E10EE /* RestConnectionManager.swift */,
				F080AF291D915B8200B73971 /* RoomService.swift */,
				F09644541D999D000024F00A /* UserService.swift */,
				F09644561D999D460024F00A /* BuildingService.swift */,
				F09644581D999D510024F00A /* AddressService.swift */,
				F096445A1D999D620024F00A /* InfrastructureService.swift */,
				F096445C1D999D740024F00A /* ReservationService.swift */,
				F096445E1D999D860024F00A /* WishService.swift */,
			);
			name = RESTClient;
			sourceTree = "<group>";
		};
/* End PBXGroup section */

/* Begin PBXNativeTarget section */
		795800C91D5A308C0001E06A /* ReserverYourRoom */ = {
			isa = PBXNativeTarget;
			buildConfigurationList = 795800F41D5A308C0001E06A /* Build configuration list for PBXNativeTarget "ReserverYourRoom" */;
			buildPhases = (
				F00D00E7E1F347E267DDD383 /* [CP] Check Pods Manifest.lock */,
				795800C61D5A308C0001E06A /* Sources */,
				795800C71D5A308C0001E06A /* Frameworks */,
				795800C81D5A308C0001E06A /* Resources */,
				2B795DFFD8C7BF0CA4120150 /* [CP] Embed Pods Frameworks */,
				55283B63572891C8C93E374B /* [CP] Copy Pods Resources */,
			);
			buildRules = (
			);
			dependencies = (
			);
			name = ReserverYourRoom;
			productName = ReserverYourRoom;
			productReference = 795800CA1D5A308C0001E06A /* ReserverYourRoom.app */;
			productType = "com.apple.product-type.application";
		};
/* End PBXNativeTarget section */

/* Begin PBXProject section */
		795800C21D5A308C0001E06A /* Project object */ = {
			isa = PBXProject;
			attributes = {
				LastSwiftUpdateCheck = 0730;
				LastUpgradeCheck = 0800;
				ORGANIZATIONNAME = mattafix;
				TargetAttributes = {
					795800C91D5A308C0001E06A = {
						CreatedOnToolsVersion = 7.3.1;
						DevelopmentTeam = SB69ZL37DW;
						LastSwiftMigration = 0800;
					};
				};
			};
			buildConfigurationList = 795800C51D5A308C0001E06A /* Build configuration list for PBXProject "ReserverYourRoom" */;
			compatibilityVersion = "Xcode 3.2";
			developmentRegion = English;
			hasScannedForEncodings = 0;
			knownRegions = (
				en,
				Base,
			);
			mainGroup = 795800C11D5A308C0001E06A;
			productRefGroup = 795800CB1D5A308C0001E06A /* Products */;
			projectDirPath = "";
			projectRoot = "";
			targets = (
				795800C91D5A308C0001E06A /* ReserverYourRoom */,
			);
		};
/* End PBXProject section */

/* Begin PBXResourcesBuildPhase section */
		795800C81D5A308C0001E06A /* Resources */ = {
			isa = PBXResourcesBuildPhase;
			buildActionMask = 2147483647;
			files = (
				795800DA1D5A308C0001E06A /* LaunchScreen.storyboard in Resources */,
				795800D71D5A308C0001E06A /* Assets.xcassets in Resources */,
				795800D51D5A308C0001E06A /* Main.storyboard in Resources */,
			);
			runOnlyForDeploymentPostprocessing = 0;
		};
/* End PBXResourcesBuildPhase section */

/* Begin PBXShellScriptBuildPhase section */
		2B795DFFD8C7BF0CA4120150 /* [CP] Embed Pods Frameworks */ = {
			isa = PBXShellScriptBuildPhase;
			buildActionMask = 2147483647;
			files = (
			);
			inputPaths = (
			);
			name = "[CP] Embed Pods Frameworks";
			outputPaths = (
			);
			runOnlyForDeploymentPostprocessing = 0;
			shellPath = /bin/sh;
			shellScript = "\"${SRCROOT}/Pods/Target Support Files/Pods-ReserverYourRoom/Pods-ReserverYourRoom-frameworks.sh\"\n";
			showEnvVarsInLog = 0;
		};
		55283B63572891C8C93E374B /* [CP] Copy Pods Resources */ = {
			isa = PBXShellScriptBuildPhase;
			buildActionMask = 2147483647;
			files = (
			);
			inputPaths = (
			);
			name = "[CP] Copy Pods Resources";
			outputPaths = (
			);
			runOnlyForDeploymentPostprocessing = 0;
			shellPath = /bin/sh;
			shellScript = "\"${SRCROOT}/Pods/Target Support Files/Pods-ReserverYourRoom/Pods-ReserverYourRoom-resources.sh\"\n";
			showEnvVarsInLog = 0;
		};
		F00D00E7E1F347E267DDD383 /* [CP] Check Pods Manifest.lock */ = {
			isa = PBXShellScriptBuildPhase;
			buildActionMask = 2147483647;
			files = (
			);
			inputPaths = (
			);
			name = "[CP] Check Pods Manifest.lock";
			outputPaths = (
			);
			runOnlyForDeploymentPostprocessing = 0;
			shellPath = /bin/sh;
			shellScript = "diff \"${PODS_ROOT}/../Podfile.lock\" \"${PODS_ROOT}/Manifest.lock\" > /dev/null\nif [[ $? != 0 ]] ; then\n    cat << EOM\nerror: The sandbox is not in sync with the Podfile.lock. Run 'pod install' or update your CocoaPods installation.\nEOM\n    exit 1\nfi\n";
			showEnvVarsInLog = 0;
		};
/* End PBXShellScriptBuildPhase section */

/* Begin PBXSourcesBuildPhase section */
		795800C61D5A308C0001E06A /* Sources */ = {
			isa = PBXSourcesBuildPhase;
			buildActionMask = 2147483647;
			files = (
				F096445D1D999D740024F00A /* ReservationService.swift in Sources */,
				F09644631D99B0EF0024F00A /* ReservationViewCell.swift in Sources */,
				794E6B241D6393DD00F877CC /* RomOvRoomListViewController.swift in Sources */,
				F080AF2A1D915B8200B73971 /* RoomService.swift in Sources */,
				79866A531D60D700002787F5 /* Reservation.swift in Sources */,
				795800CE1D5A308C0001E06A /* AppDelegate.swift in Sources */,
				F09644591D999D510024F00A /* AddressService.swift in Sources */,
				F09BD65F1D87EEFB005E10EE /* RestConnectionManager.swift in Sources */,
				79866A591D60DAA7002787F5 /* Wish.swift in Sources */,
				79866A511D60D4E0002787F5 /* Infrastructure.swift in Sources */,
				79F68E151D5E5E7D0067BDA8 /* Building.swift in Sources */,
				F096445B1D999D620024F00A /* InfrastructureService.swift in Sources */,
				F09644611D99AC8A0024F00A /* TableViewCell.swift in Sources */,
				795800FE1D5A3DFF0001E06A /* ResOvViewController.swift in Sources */,
				79F68E131D5E5D460067BDA8 /* Address.swift in Sources */,
				F09644551D999D000024F00A /* UserService.swift in Sources */,
				795800D01D5A308C0001E06A /* RomOvViewController.swift in Sources */,
				F096445F1D999D860024F00A /* WishService.swift in Sources */,
				79F68E0F1D5E56E00067BDA8 /* Room.swift in Sources */,
				79866A561D60D9F7002787F5 /* User.swift in Sources */,
				F09644571D999D460024F00A /* BuildingService.swift in Sources */,
			);
			runOnlyForDeploymentPostprocessing = 0;
		};
/* End PBXSourcesBuildPhase section */

/* Begin PBXVariantGroup section */
		795800D31D5A308C0001E06A /* Main.storyboard */ = {
			isa = PBXVariantGroup;
			children = (
				795800D41D5A308C0001E06A /* Base */,
			);
			name = Main.storyboard;
			sourceTree = "<group>";
		};
		795800D81D5A308C0001E06A /* LaunchScreen.storyboard */ = {
			isa = PBXVariantGroup;
			children = (
				795800D91D5A308C0001E06A /* Base */,
			);
			name = LaunchScreen.storyboard;
			sourceTree = "<group>";
		};
/* End PBXVariantGroup section */

/* Begin XCBuildConfiguration section */
		795800F21D5A308C0001E06A /* Debug */ = {
			isa = XCBuildConfiguration;
			buildSettings = {
				ALWAYS_SEARCH_USER_PATHS = NO;
				CLANG_ANALYZER_NONNULL = YES;
				CLANG_CXX_LANGUAGE_STANDARD = "gnu++0x";
				CLANG_CXX_LIBRARY = "libc++";
				CLANG_ENABLE_MODULES = YES;
				CLANG_ENABLE_OBJC_ARC = YES;
				CLANG_WARN_BOOL_CONVERSION = YES;
				CLANG_WARN_CONSTANT_CONVERSION = YES;
				CLANG_WARN_DIRECT_OBJC_ISA_USAGE = YES_ERROR;
				CLANG_WARN_EMPTY_BODY = YES;
				CLANG_WARN_ENUM_CONVERSION = YES;
				CLANG_WARN_INFINITE_RECURSION = YES;
				CLANG_WARN_INT_CONVERSION = YES;
				CLANG_WARN_OBJC_ROOT_CLASS = YES_ERROR;
				CLANG_WARN_SUSPICIOUS_MOVE = YES;
				CLANG_WARN_UNREACHABLE_CODE = YES;
				CLANG_WARN__DUPLICATE_METHOD_MATCH = YES;
				"CODE_SIGN_IDENTITY[sdk=iphoneos*]" = "iPhone Developer";
				COPY_PHASE_STRIP = NO;
				DEBUG_INFORMATION_FORMAT = dwarf;
				ENABLE_STRICT_OBJC_MSGSEND = YES;
				ENABLE_TESTABILITY = YES;
				GCC_C_LANGUAGE_STANDARD = gnu99;
				GCC_DYNAMIC_NO_PIC = NO;
				GCC_NO_COMMON_BLOCKS = YES;
				GCC_OPTIMIZATION_LEVEL = 0;
				GCC_PREPROCESSOR_DEFINITIONS = (
					"DEBUG=1",
					"$(inherited)",
				);
				GCC_WARN_64_TO_32_BIT_CONVERSION = YES;
				GCC_WARN_ABOUT_RETURN_TYPE = YES_ERROR;
				GCC_WARN_UNDECLARED_SELECTOR = YES;
				GCC_WARN_UNINITIALIZED_AUTOS = YES_AGGRESSIVE;
				GCC_WARN_UNUSED_FUNCTION = YES;
				GCC_WARN_UNUSED_VARIABLE = YES;
				IPHONEOS_DEPLOYMENT_TARGET = 9.3;
				MTL_ENABLE_DEBUG_INFO = YES;
				ONLY_ACTIVE_ARCH = YES;
				SDKROOT = iphoneos;
				SWIFT_OPTIMIZATION_LEVEL = "-Onone";
			};
			name = Debug;
		};
		795800F31D5A308C0001E06A /* Release */ = {
			isa = XCBuildConfiguration;
			buildSettings = {
				ALWAYS_SEARCH_USER_PATHS = NO;
				CLANG_ANALYZER_NONNULL = YES;
				CLANG_CXX_LANGUAGE_STANDARD = "gnu++0x";
				CLANG_CXX_LIBRARY = "libc++";
				CLANG_ENABLE_MODULES = YES;
				CLANG_ENABLE_OBJC_ARC = YES;
				CLANG_WARN_BOOL_CONVERSION = YES;
				CLANG_WARN_CONSTANT_CONVERSION = YES;
				CLANG_WARN_DIRECT_OBJC_ISA_USAGE = YES_ERROR;
				CLANG_WARN_EMPTY_BODY = YES;
				CLANG_WARN_ENUM_CONVERSION = YES;
				CLANG_WARN_INFINITE_RECURSION = YES;
				CLANG_WARN_INT_CONVERSION = YES;
				CLANG_WARN_OBJC_ROOT_CLASS = YES_ERROR;
				CLANG_WARN_SUSPICIOUS_MOVE = YES;
				CLANG_WARN_UNREACHABLE_CODE = YES;
				CLANG_WARN__DUPLICATE_METHOD_MATCH = YES;
				"CODE_SIGN_IDENTITY[sdk=iphoneos*]" = "iPhone Developer";
				COPY_PHASE_STRIP = NO;
				DEBUG_INFORMATION_FORMAT = "dwarf-with-dsym";
				ENABLE_NS_ASSERTIONS = NO;
				ENABLE_STRICT_OBJC_MSGSEND = YES;
				GCC_C_LANGUAGE_STANDARD = gnu99;
				GCC_NO_COMMON_BLOCKS = YES;
				GCC_WARN_64_TO_32_BIT_CONVERSION = YES;
				GCC_WARN_ABOUT_RETURN_TYPE = YES_ERROR;
				GCC_WARN_UNDECLARED_SELECTOR = YES;
				GCC_WARN_UNINITIALIZED_AUTOS = YES_AGGRESSIVE;
				GCC_WARN_UNUSED_FUNCTION = YES;
				GCC_WARN_UNUSED_VARIABLE = YES;
				IPHONEOS_DEPLOYMENT_TARGET = 9.3;
				MTL_ENABLE_DEBUG_INFO = NO;
				SDKROOT = iphoneos;
				SWIFT_OPTIMIZATION_LEVEL = "-Owholemodule";
				VALIDATE_PRODUCT = YES;
			};
			name = Release;
		};
		795800F51D5A308C0001E06A /* Debug */ = {
			isa = XCBuildConfiguration;
			baseConfigurationReference = 4EFCDAEFBC6284C732984460 /* Pods-ReserverYourRoom.debug.xcconfig */;
			buildSettings = {
				ALWAYS_EMBED_SWIFT_STANDARD_LIBRARIES = YES;
				ASSETCATALOG_COMPILER_APPICON_NAME = AppIcon;
				CODE_SIGN_IDENTITY = "iPhone Developer";
				"CODE_SIGN_IDENTITY[sdk=iphoneos*]" = "iPhone Developer";
				INFOPLIST_FILE = ReserverYourRoom/Info.plist;
				LD_RUNPATH_SEARCH_PATHS = "$(inherited) @executable_path/Frameworks";
				PRODUCT_BUNDLE_IDENTIFIER = com.mattafix.ReserverYourRoom;
				PRODUCT_NAME = "$(TARGET_NAME)";
				PROVISIONING_PROFILE = "";
				SWIFT_VERSION = 3.0;
			};
			name = Debug;
		};
		795800F61D5A308C0001E06A /* Release */ = {
			isa = XCBuildConfiguration;
			baseConfigurationReference = 7C23B934C45FD4CB3B46EEC2 /* Pods-ReserverYourRoom.release.xcconfig */;
			buildSettings = {
				ALWAYS_EMBED_SWIFT_STANDARD_LIBRARIES = YES;
				ASSETCATALOG_COMPILER_APPICON_NAME = AppIcon;
				CODE_SIGN_IDENTITY = "iPhone Developer";
				"CODE_SIGN_IDENTITY[sdk=iphoneos*]" = "iPhone Developer";
				INFOPLIST_FILE = ReserverYourRoom/Info.plist;
				LD_RUNPATH_SEARCH_PATHS = "$(inherited) @executable_path/Frameworks";
				PRODUCT_BUNDLE_IDENTIFIER = com.mattafix.ReserverYourRoom;
				PRODUCT_NAME = "$(TARGET_NAME)";
				PROVISIONING_PROFILE = "";
				SWIFT_VERSION = 3.0;
			};
			name = Release;
		};
/* End XCBuildConfiguration section */

/* Begin XCConfigurationList section */
		795800C51D5A308C0001E06A /* Build configuration list for PBXProject "ReserverYourRoom" */ = {
			isa = XCConfigurationList;
			buildConfigurations = (
				795800F21D5A308C0001E06A /* Debug */,
				795800F31D5A308C0001E06A /* Release */,
			);
			defaultConfigurationIsVisible = 0;
			defaultConfigurationName = Release;
		};
		795800F41D5A308C0001E06A /* Build configuration list for PBXNativeTarget "ReserverYourRoom" */ = {
			isa = XCConfigurationList;
			buildConfigurations = (
				795800F51D5A308C0001E06A /* Debug */,
				795800F61D5A308C0001E06A /* Release */,
			);
			defaultConfigurationIsVisible = 0;
			defaultConfigurationName = Release;
		};
/* End XCConfigurationList section */
	};
	rootObject = 795800C21D5A308C0001E06A /* Project object */;
}
